
Microsoft Visual Studio Solution File, Format Version 12.00
# Visual Studio Version 17
VisualStudioVersion = 17.9.34714.143
MinimumVisualStudioVersion = 10.0.40219.1
Project("{FAE04EC0-301F-11D3-BF4B-00C04F79EFBC}") = "Bi_dieu_khien", "new_project\Bi_dieu_khien.csproj", "{AB6425ED-D5F2-4D59-A2B7-466A22E774EE}"
EndProject
Global
	GlobalSection(SolutionConfigurationPlatforms) = preSolution
		Debug|Any CPU = Debug|Any CPU
		Release|Any CPU = Release|Any CPU
	EndGlobalSection
	GlobalSection(ProjectConfigurationPlatforms) = postSolution
		{AB6425ED-D5F2-4D59-A2B7-466A22E774EE}.Debug|Any CPU.ActiveCfg = Debug|Any CPU
		{AB6425ED-D5F2-4D59-A2B7-466A22E774EE}.Debug|Any CPU.Build.0 = Debug|Any CPU
		{AB6425ED-D5F2-4D59-A2B7-466A22E774EE}.Release|Any CPU.ActiveCfg = Release|Any CPU
		{AB6425ED-D5F2-4D59-A2B7-466A22E774EE}.Release|Any CPU.Build.0 = Release|Any CPU
	EndGlobalSection
	GlobalSection(SolutionProperties) = preSolution
		HideSolutionNode = FALSE
	EndGlobalSection
	GlobalSection(ExtensibilityGlobals) = postSolution
		SolutionGuid = {81C17451-848B-4E9A-B9A2-D32F34ED33BC}
	EndGlobalSection
EndGlobal
